// !$*UTF8*$!
{
	archiveVersion = 1;
	classes = {
	};
	objectVersion = 46;
	objects = {

/* Begin PBXBuildFile section */
		367043011B14BCAD0030620A /* main.m in Sources */ = {isa = PBXBuildFile; fileRef = 367043001B14BCAD0030620A /* main.m */; };
		367043041B14BCAD0030620A /* AppDelegate.m in Sources */ = {isa = PBXBuildFile; fileRef = 367043031B14BCAD0030620A /* AppDelegate.m */; };
		367043071B14BCAD0030620A /* MasterViewController.m in Sources */ = {isa = PBXBuildFile; fileRef = 367043061B14BCAD0030620A /* MasterViewController.m */; };
		3670430A1B14BCAD0030620A /* DetailViewController.m in Sources */ = {isa = PBXBuildFile; fileRef = 367043091B14BCAD0030620A /* DetailViewController.m */; };
		3670430D1B14BCAD0030620A /* Main.storyboard in Resources */ = {isa = PBXBuildFile; fileRef = 3670430B1B14BCAD0030620A /* Main.storyboard */; };
		3670430F1B14BCAD0030620A /* Images.xcassets in Resources */ = {isa = PBXBuildFile; fileRef = 3670430E1B14BCAD0030620A /* Images.xcassets */; };
		367043121B14BCAD0030620A /* LaunchScreen.xib in Resources */ = {isa = PBXBuildFile; fileRef = 367043101B14BCAD0030620A /* LaunchScreen.xib */; };
		3670431E1B14BCAD0030620A /* MasterDetailTestTests.m in Sources */ = {isa = PBXBuildFile; fileRef = 3670431D1B14BCAD0030620A /* MasterDetailTestTests.m */; };
		3670432F1B14CE370030620A /* MasterViewController2.m in Sources */ = {isa = PBXBuildFile; fileRef = 3670432E1B14CE370030620A /* MasterViewController2.m */; };
		367043351B14D0E70030620A /* Another.storyboard in Resources */ = {isa = PBXBuildFile; fileRef = 367043341B14D0E70030620A /* Another.storyboard */; };
/* End PBXBuildFile section */

/* Begin PBXContainerItemProxy section */
		367043181B14BCAD0030620A /* PBXContainerItemProxy */ = {
			isa = PBXContainerItemProxy;
			containerPortal = 367042F31B14BCAD0030620A /* Project object */;
			proxyType = 1;
			remoteGlobalIDString = 367042FA1B14BCAD0030620A;
			remoteInfo = MasterDetailTest;
		};
/* End PBXContainerItemProxy section */

/* Begin PBXFileReference section */
		367042FB1B14BCAD0030620A /* MasterDetailTest.app */ = {isa = PBXFileReference; explicitFileType = wrapper.application; includeInIndex = 0; path = MasterDetailTest.app; sourceTree = BUILT_PRODUCTS_DIR; };
		367042FF1B14BCAD0030620A /* Info.plist */ = {isa = PBXFileReference; lastKnownFileType = text.plist.xml; path = Info.plist; sourceTree = "<group>"; };
		367043001B14BCAD0030620A /* main.m */ = {isa = PBXFileReference; lastKnownFileType = sourcecode.c.objc; path = main.m; sourceTree = "<group>"; };
		367043021B14BCAD0030620A /* AppDelegate.h */ = {isa = PBXFileReference; lastKnownFileType = sourcecode.c.h; path = AppDelegate.h; sourceTree = "<group>"; };
		367043031B14BCAD0030620A /* AppDelegate.m */ = {isa = PBXFileReference; lastKnownFileType = sourcecode.c.objc; path = AppDelegate.m; sourceTree = "<group>"; };
		367043051B14BCAD0030620A /* MasterViewController.h */ = {isa = PBXFileReference; lastKnownFileType = sourcecode.c.h; path = MasterViewController.h; sourceTree = "<group>"; };
		367043061B14BCAD0030620A /* MasterViewController.m */ = {isa = PBXFileReference; lastKnownFileType = sourcecode.c.objc; path = MasterViewController.m; sourceTree = "<group>"; };
		367043081B14BCAD0030620A /* DetailViewController.h */ = {isa = PBXFileReference; lastKnownFileType = sourcecode.c.h; path = DetailViewController.h; sourceTree = "<group>"; };
		367043091B14BCAD0030620A /* DetailViewController.m */ = {isa = PBXFileReference; lastKnownFileType = sourcecode.c.objc; path = DetailViewController.m; sourceTree = "<group>"; };
		3670430C1B14BCAD0030620A /* Base */ = {isa = PBXFileReference; lastKnownFileType = file.storyboard; name = Base; path = Base.lproj/Main.storyboard; sourceTree = "<group>"; };
		3670430E1B14BCAD0030620A /* Images.xcassets */ = {isa = PBXFileReference; lastKnownFileType = folder.assetcatalog; path = Images.xcassets; sourceTree = "<group>"; };
		367043111B14BCAD0030620A /* Base */ = {isa = PBXFileReference; lastKnownFileType = file.xib; name = Base; path = Base.lproj/LaunchScreen.xib; sourceTree = "<group>"; };
		367043171B14BCAD0030620A /* MasterDetailTestTests.xctest */ = {isa = PBXFileReference; explicitFileType = wrapper.cfbundle; includeInIndex = 0; path = MasterDetailTestTests.xctest; sourceTree = BUILT_PRODUCTS_DIR; };
		3670431C1B14BCAD0030620A /* Info.plist */ = {isa = PBXFileReference; lastKnownFileType = text.plist.xml; path = Info.plist; sourceTree = "<group>"; };
		3670431D1B14BCAD0030620A /* MasterDetailTestTests.m */ = {isa = PBXFileReference; lastKnownFileType = sourcecode.c.objc; path = MasterDetailTestTests.m; sourceTree = "<group>"; };
		3670432D1B14CE370030620A /* MasterViewController2.h */ = {isa = PBXFileReference; fileEncoding = 4; lastKnownFileType = sourcecode.c.h; path = MasterViewController2.h; sourceTree = "<group>"; };
		3670432E1B14CE370030620A /* MasterViewController2.m */ = {isa = PBXFileReference; fileEncoding = 4; lastKnownFileType = sourcecode.c.objc; path = MasterViewController2.m; sourceTree = "<group>"; };
		367043341B14D0E70030620A /* Another.storyboard */ = {isa = PBXFileReference; fileEncoding = 4; lastKnownFileType = file.storyboard; path = Another.storyboard; sourceTree = "<group>"; };
/* End PBXFileReference section */

/* Begin PBXFrameworksBuildPhase section */
		367042F81B14BCAD0030620A /* Frameworks */ = {
			isa = PBXFrameworksBuildPhase;
			buildActionMask = 2147483647;
			files = (
			);
			runOnlyForDeploymentPostprocessing = 0;
		};
		367043141B14BCAD0030620A /* Frameworks */ = {
			isa = PBXFrameworksBuildPhase;
			buildActionMask = 2147483647;
			files = (
			);
			runOnlyForDeploymentPostprocessing = 0;
		};
/* End PBXFrameworksBuildPhase section */

/* Begin PBXGroup section */
		367042F21B14BCAD0030620A = {
			isa = PBXGroup;
			children = (
				367042FD1B14BCAD0030620A /* MasterDetailTest */,
				3670431A1B14BCAD0030620A /* MasterDetailTestTests */,
				367042FC1B14BCAD0030620A /* Products */,
			);
			sourceTree = "<group>";
		};
		367042FC1B14BCAD0030620A /* Products */ = {
			isa = PBXGroup;
			children = (
				367042FB1B14BCAD0030620A /* MasterDetailTest.app */,
				367043171B14BCAD0030620A /* MasterDetailTestTests.xctest */,
			);
			name = Products;
			sourceTree = "<group>";
		};
		367042FD1B14BCAD0030620A /* MasterDetailTest */ = {
			isa = PBXGroup;
			children = (
				367043021B14BCAD0030620A /* AppDelegate.h */,
				367043031B14BCAD0030620A /* AppDelegate.m */,
				367043051B14BCAD0030620A /* MasterViewController.h */,
				367043061B14BCAD0030620A /* MasterViewController.m */,
				3670432D1B14CE370030620A /* MasterViewController2.h */,
				3670432E1B14CE370030620A /* MasterViewController2.m */,
				367043081B14BCAD0030620A /* DetailViewController.h */,
				367043091B14BCAD0030620A /* DetailViewController.m */,
				367043341B14D0E70030620A /* Another.storyboard */,
				3670430B1B14BCAD0030620A /* Main.storyboard */,
				3670430E1B14BCAD0030620A /* Images.xcassets */,
				367043101B14BCAD0030620A /* LaunchScreen.xib */,
				367042FE1B14BCAD0030620A /* Supporting Files */,
			);
			path = MasterDetailTest;
			sourceTree = "<group>";
		};
		367042FE1B14BCAD0030620A /* Supporting Files */ = {
			isa = PBXGroup;
			children = (
				367042FF1B14BCAD0030620A /* Info.plist */,
				367043001B14BCAD0030620A /* main.m */,
			);
			name = "Supporting Files";
			sourceTree = "<group>";
		};
		3670431A1B14BCAD0030620A /* MasterDetailTestTests */ = {
			isa = PBXGroup;
			children = (
				3670431D1B14BCAD0030620A /* MasterDetailTestTests.m */,
				3670431B1B14BCAD0030620A /* Supporting Files */,
			);
			path = MasterDetailTestTests;
			sourceTree = "<group>";
		};
		3670431B1B14BCAD0030620A /* Supporting Files */ = {
			isa = PBXGroup;
			children = (
				3670431C1B14BCAD0030620A /* Info.plist */,
			);
			name = "Supporting Files";
			sourceTree = "<group>";
		};
/* End PBXGroup section */

/* Begin PBXNativeTarget section */
		367042FA1B14BCAD0030620A /* MasterDetailTest */ = {
			isa = PBXNativeTarget;
			buildConfigurationList = 367043211B14BCAD0030620A /* Build configuration list for PBXNativeTarget "MasterDetailTest" */;
			buildPhases = (
				367042F71B14BCAD0030620A /* Sources */,
				367042F81B14BCAD0030620A /* Frameworks */,
				367042F91B14BCAD0030620A /* Resources */,
			);
			buildRules = (
			);
			dependencies = (
			);
			name = MasterDetailTest;
			productName = MasterDetailTest;
			productReference = 367042FB1B14BCAD0030620A /* MasterDetailTest.app */;
			productType = "com.apple.product-type.application";
		};
		367043161B14BCAD0030620A /* MasterDetailTestTests */ = {
			isa = PBXNativeTarget;
			buildConfigurationList = 367043241B14BCAD0030620A /* Build configuration list for PBXNativeTarget "MasterDetailTestTests" */;
			buildPhases = (
				367043131B14BCAD0030620A /* Sources */,
				367043141B14BCAD0030620A /* Frameworks */,
				367043151B14BCAD0030620A /* Resources */,
			);
			buildRules = (
			);
			dependencies = (
				367043191B14BCAD0030620A /* PBXTargetDependency */,
			);
			name = MasterDetailTestTests;
			productName = MasterDetailTestTests;
			productReference = 367043171B14BCAD0030620A /* MasterDetailTestTests.xctest */;
			productType = "com.apple.product-type.bundle.unit-test";
		};
/* End PBXNativeTarget section */

/* Begin PBXProject section */
		367042F31B14BCAD0030620A /* Project object */ = {
			isa = PBXProject;
			attributes = {
				LastUpgradeCheck = 0630;
				ORGANIZATIONNAME = TheMarketTrust;
				TargetAttributes = {
					367042FA1B14BCAD0030620A = {
						CreatedOnToolsVersion = 6.3.1;
					};
					367043161B14BCAD0030620A = {
						CreatedOnToolsVersion = 6.3.1;
						TestTargetID = 367042FA1B14BCAD0030620A;
					};
				};
			};
			buildConfigurationList = 367042F61B14BCAD0030620A /* Build configuration list for PBXProject "MasterDetailTest" */;
			compatibilityVersion = "Xcode 3.2";
			developmentRegion = English;
			hasScannedForEncodings = 0;
			knownRegions = (
				en,
				Base,
			);
			mainGroup = 367042F21B14BCAD0030620A;
			productRefGroup = 367042FC1B14BCAD0030620A /* Products */;
			projectDirPath = "";
			projectRoot = "";
			targets = (
				367042FA1B14BCAD0030620A /* MasterDetailTest */,
				367043161B14BCAD0030620A /* MasterDetailTestTests */,
			);
		};
/* End PBXProject section */

/* Begin PBXResourcesBuildPhase section */
		367042F91B14BCAD0030620A /* Resources */ = {
			isa = PBXResourcesBuildPhase;
			buildActionMask = 2147483647;
			files = (
				3670430D1B14BCAD0030620A /* Main.storyboard in Resources */,
				367043121B14BCAD0030620A /* LaunchScreen.xib in Resources */,
				367043351B14D0E70030620A /* Another.storyboard in Resources */,
				3670430F1B14BCAD0030620A /* Images.xcassets in Resources */,
			);
			runOnlyForDeploymentPostprocessing = 0;
		};
		367043151B14BCAD0030620A /* Resources */ = {
			isa = PBXResourcesBuildPhase;
			buildActionMask = 2147483647;
			files = (
			);
			runOnlyForDeploymentPostprocessing = 0;
		};
/* End PBXResourcesBuildPhase section */

/* Begin PBXSourcesBuildPhase section */
		367042F71B14BCAD0030620A /* Sources */ = {
			isa = PBXSourcesBuildPhase;
			buildActionMask = 2147483647;
			files = (
				367043041B14BCAD0030620A /* AppDelegate.m in Sources */,
				367043071B14BCAD0030620A /* MasterViewController.m in Sources */,
				367043011B14BCAD0030620A /* main.m in Sources */,
				3670430A1B14BCAD0030620A /* DetailViewController.m in Sources */,
				3670432F1B14CE370030620A /* MasterViewController2.m in Sources */,
			);
			runOnlyForDeploymentPostprocessing = 0;
		};
		367043131B14BCAD0030620A /* Sources */ = {
			isa = PBXSourcesBuildPhase;
			buildActionMask = 2147483647;
			files = (
				3670431E1B14BCAD0030620A /* MasterDetailTestTests.m in Sources */,
			);
			runOnlyForDeploymentPostprocessing = 0;
		};
/* End PBXSourcesBuildPhase section */

/* Begin PBXTargetDependency section */
		367043191B14BCAD0030620A /* PBXTargetDependency */ = {
			isa = PBXTargetDependency;
			target = 367042FA1B14BCAD0030620A /* MasterDetailTest */;
			targetProxy = 367043181B14BCAD0030620A /* PBXContainerItemProxy */;
		};
/* End PBXTargetDependency section */

/* Begin PBXVariantGroup section */
		3670430B1B14BCAD0030620A /* Main.storyboard */ = {
			isa = PBXVariantGroup;
			children = (
				3670430C1B14BCAD0030620A /* Base */,
			);
			name = Main.storyboard;
			sourceTree = "<group>";
		};
		367043101B14BCAD0030620A /* LaunchScreen.xib */ = {
			isa = PBXVariantGroup;
			children = (
				367043111B14BCAD0030620A /* Base */,
			);
			name = LaunchScreen.xib;
			sourceTree = "<group>";
		};
/* End PBXVariantGroup section */

/* Begin XCBuildConfiguration section */
		3670431F1B14BCAD0030620A /* Debug */ = {
			isa = XCBuildConfiguration;
			buildSettings = {
				ALWAYS_SEARCH_USER_PATHS = NO;
				CLANG_CXX_LANGUAGE_STANDARD = "gnu++0x";
				CLANG_CXX_LIBRARY = "libc++";
				CLANG_ENABLE_MODULES = YES;
				CLANG_ENABLE_OBJC_ARC = YES;
				CLANG_WARN_BOOL_CONVERSION = YES;
				CLANG_WARN_CONSTANT_CONVERSION = YES;
				CLANG_WARN_DIRECT_OBJC_ISA_USAGE = YES_ERROR;
				CLANG_WARN_EMPTY_BODY = YES;
				CLANG_WARN_ENUM_CONVERSION = YES;
				CLANG_WARN_INT_CONVERSION = YES;
				CLANG_WARN_OBJC_ROOT_CLASS = YES_ERROR;
				CLANG_WARN_UNREACHABLE_CODE = YES;
				CLANG_WARN__DUPLICATE_METHOD_MATCH = YES;
				"CODE_SIGN_IDENTITY[sdk=iphoneos*]" = "iPhone Developer";
				COPY_PHASE_STRIP = NO;
				DEBUG_INFORMATION_FORMAT = "dwarf-with-dsym";
				ENABLE_STRICT_OBJC_MSGSEND = YES;
				GCC_C_LANGUAGE_STANDARD = gnu99;
				GCC_DYNAMIC_NO_PIC = NO;
				GCC_NO_COMMON_BLOCKS = YES;
				GCC_OPTIMIZATION_LEVEL = 0;
				GCC_PREPROCESSOR_DEFINITIONS = (
					"DEBUG=1",
					"$(inherited)",
				);
				GCC_SYMBOLS_PRIVATE_EXTERN = NO;
				GCC_WARN_64_TO_32_BIT_CONVERSION = YES;
				GCC_WARN_ABOUT_RETURN_TYPE = YES_ERROR;
				GCC_WARN_UNDECLARED_SELECTOR = YES;
				GCC_WARN_UNINITIALIZED_AUTOS = YES_AGGRESSIVE;
				GCC_WARN_UNUSED_FUNCTION = YES;
				GCC_WARN_UNUSED_VARIABLE = YES;
				IPHONEOS_DEPLOYMENT_TARGET = 8.3;
				MTL_ENABLE_DEBUG_INFO = YES;
				ONLY_ACTIVE_ARCH = YES;
				SDKROOT = iphoneos;
				TARGETED_DEVICE_FAMILY = "1,2";
			};
			name = Debug;
		};
		367043201B14BCAD0030620A /* Release */ = {
			isa = XCBuildConfiguration;
			buildSettings = {
				ALWAYS_SEARCH_USER_PATHS = NO;
				CLANG_CXX_LANGUAGE_STANDARD = "gnu++0x";
				CLANG_CXX_LIBRARY = "libc++";
				CLANG_ENABLE_MODULES = YES;
				CLANG_ENABLE_OBJC_ARC = YES;
				CLANG_WARN_BOOL_CONVERSION = YES;
				CLANG_WARN_CONSTANT_CONVERSION = YES;
				CLANG_WARN_DIRECT_OBJC_ISA_USAGE = YES_ERROR;
				CLANG_WARN_EMPTY_BODY = YES;
				CLANG_WARN_ENUM_CONVERSION = YES;
				CLANG_WARN_INT_CONVERSION = YES;
				CLANG_WARN_OBJC_ROOT_CLASS = YES_ERROR;
				CLANG_WARN_UNREACHABLE_CODE = YES;
				CLANG_WARN__DUPLICATE_METHOD_MATCH = YES;
				"CODE_SIGN_IDENTITY[sdk=iphoneos*]" = "iPhone Developer";
				COPY_PHASE_STRIP = NO;
				DEBUG_INFORMATION_FORMAT = "dwarf-with-dsym";
				ENABLE_NS_ASSERTIONS = NO;
				ENABLE_STRICT_OBJC_MSGSEND = YES;
				GCC_C_LANGUAGE_STANDARD = gnu99;
				GCC_NO_COMMON_BLOCKS = YES;
				GCC_WARN_64_TO_32_BIT_CONVERSION = YES;
				GCC_WARN_ABOUT_RETURN_TYPE = YES_ERROR;
				GCC_WARN_UNDECLARED_SELECTOR = YES;
				GCC_WARN_UNINITIALIZED_AUTOS = YES_AGGRESSIVE;
				GCC_WARN_UNUSED_FUNCTION = YES;
				GCC_WARN_UNUSED_VARIABLE = YES;
				IPHONEOS_DEPLOYMENT_TARGET = 8.3;
				MTL_ENABLE_DEBUG_INFO = NO;
				SDKROOT = iphoneos;
				TARGETED_DEVICE_FAMILY = "1,2";
				VALIDATE_PRODUCT = YES;
			};
			name = Release;
		};
		367043221B14BCAD0030620A /* Debug */ = {
			isa = XCBuildConfiguration;
			buildSettings = {
				ASSETCATALOG_COMPILER_APPICON_NAME = AppIcon;
				INFOPLIST_FILE = MasterDetailTest/Info.plist;
				LD_RUNPATH_SEARCH_PATHS = "$(inherited) @executable_path/Frameworks";
				PRODUCT_NAME = "$(TARGET_NAME)";
			};
			name = Debug;
		};
		367043231B14BCAD0030620A /* Release */ = {
			isa = XCBuildConfiguration;
			buildSettings = {
				ASSETCATALOG_COMPILER_APPICON_NAME = AppIcon;
				INFOPLIST_FILE = MasterDetailTest/Info.plist;
				LD_RUNPATH_SEARCH_PATHS = "$(inherited) @executable_path/Frameworks";
				PRODUCT_NAME = "$(TARGET_NAME)";
			};
			name = Release;
		};
		367043251B14BCAD0030620A /* Debug */ = {
			isa = XCBuildConfiguration;
			buildSettings = {
				BUNDLE_LOADER = "$(TEST_HOST)";
				FRAMEWORK_SEARCH_PATHS = (
					"$(SDKROOT)/Developer/Library/Frameworks",
					"$(inherited)",
				);
				GCC_PREPROCESSOR_DEFINITIONS = (
					"DEBUG=1",
					"$(inherited)",
				);
				INFOPLIST_FILE = MasterDetailTestTests/Info.plist;
				LD_RUNPATH_SEARCH_PATHS = "$(inherited) @executable_path/Frameworks @loader_path/Frameworks";
				PRODUCT_NAME = "$(TARGET_NAME)";
				TEST_HOST = "$(BUILT_PRODUCTS_DIR)/MasterDetailTest.app/MasterDetailTest";
			};
			name = Debug;
		};
		367043261B14BCAD0030620A /* Release */ = {
			isa = XCBuildConfiguration;
			buildSettings = {
				BUNDLE_LOADER = "$(TEST_HOST)";
				FRAMEWORK_SEARCH_PATHS = (
					"$(SDKROOT)/Developer/Library/Frameworks",
					"$(inherited)",
				);
				INFOPLIST_FILE = MasterDetailTestTests/Info.plist;
				LD_RUNPATH_SEARCH_PATHS = "$(inherited) @executable_path/Frameworks @loader_path/Frameworks";
				PRODUCT_NAME = "$(TARGET_NAME)";
				TEST_HOST = "$(BUILT_PRODUCTS_DIR)/MasterDetailTest.app/MasterDetailTest";
			};
			name = Release;
		};
/* End XCBuildConfiguration section */

/* Begin XCConfigurationList section */
		367042F61B14BCAD0030620A /* Build configuration list for PBXProject "MasterDetailTest" */ = {
			isa = XCConfigurationList;
			buildConfigurations = (
				3670431F1B14BCAD0030620A /* Debug */,
				367043201B14BCAD0030620A /* Release */,
			);
			defaultConfigurationIsVisible = 0;
			defaultConfigurationName = Release;
		};
		367043211B14BCAD0030620A /* Build configuration list for PBXNativeTarget "MasterDetailTest" */ = {
			isa = XCConfigurationList;
			buildConfigurations = (
				367043221B14BCAD0030620A /* Debug */,
				367043231B14BCAD0030620A /* Release */,
			);
			defaultConfigurationIsVisible = 0;
			defaultConfigurationName = Release;
		};
		367043241B14BCAD0030620A /* Build configuration list for PBXNativeTarget "MasterDetailTestTests" */ = {
			isa = XCConfigurationList;
			buildConfigurations = (
				367043251B14BCAD0030620A /* Debug */,
				367043261B14BCAD0030620A /* Release */,
			);
			defaultConfigurationIsVisible = 0;
			defaultConfigurationName = Release;
		};
/* End XCConfigurationList section */
	};
	rootObject = 367042F31B14BCAD0030620A /* Project object */;
}
